
Microsoft Visual Studio Solution File, Format Version 12.00
# Visual Studio Version 16
VisualStudioVersion = 16.0.31515.178
MinimumVisualStudioVersion = 10.0.40219.1
Project("{FAE04EC0-301F-11D3-BF4B-00C04F79EFBC}") = "Firebase CRUD CSharp", "Firebase CRUD CSharp\Firebase CRUD CSharp.csproj", "{FCCE3BEA-4FAC-428A-B3AD-1CEB26A20BE5}"
EndProject
Global
	GlobalSection(SolutionConfigurationPlatforms) = preSolution
		Debug|Any CPU = Debug|Any CPU
		Release|Any CPU = Release|Any CPU
	EndGlobalSection
	GlobalSection(ProjectConfigurationPlatforms) = postSolution
		{FCCE3BEA-4FAC-428A-B3AD-1CEB26A20BE5}.Debug|Any CPU.ActiveCfg = Debug|Any CPU
		{FCCE3BEA-4FAC-428A-B3AD-1CEB26A20BE5}.Debug|Any CPU.Build.0 = Debug|Any CPU
		{FCCE3BEA-4FAC-428A-B3AD-1CEB26A20BE5}.Release|Any CPU.ActiveCfg = Release|Any CPU
		{FCCE3BEA-4FAC-428A-B3AD-1CEB26A20BE5}.Release|Any CPU.Build.0 = Release|Any CPU
	EndGlobalSection
	GlobalSection(SolutionProperties) = preSolution
		HideSolutionNode = FALSE
	EndGlobalSection
	GlobalSection(ExtensibilityGlobals) = postSolution
		SolutionGuid = {376BB72B-C201-491C-A127-FEF43A4E72AB}
	EndGlobalSection
EndGlobal
